# THIS IS AN AUTOGENERATED FILE. DO NOT EDIT THIS FILE DIRECTLY.
# yarn lockfile v1


"@adraffy/ens-normalize@^1.8.8":
  version "1.9.0"
  resolved "https://registry.yarnpkg.com/@adraffy/ens-normalize/-/ens-normalize-1.9.0.tgz#223572538f6bea336750039bb43a4016dcc8182d"
  integrity sha512-iowxq3U30sghZotgl4s/oJRci6WPBfNO5YYgk2cIOMCHr3LeGPcsZjCEr+33Q4N+oV3OABDAtA+pyvWjbvBifQ==

"@cspotcode/source-map-support@^0.8.0":
  version "0.8.1"
  resolved "https://registry.yarnpkg.com/@cspotcode/source-map-support/-/source-map-support-0.8.1.tgz#00629c35a688e05a88b1cda684fb9d5e73f000a1"
  integrity sha512-IchNf6dN4tHoMFIn/7OE8LWZ19Y6q/67Bmf6vnGREv8RSbBVb9LPJxEcnwrcwX6ixSvaiGoomAUvu4YSxXrVgw==
  dependencies:
    "@jridgewell/trace-mapping" "0.3.9"

"@ethereumjs/rlp@^4.0.1":
  version "4.0.1"
  resolved "https://registry.yarnpkg.com/@ethereumjs/rlp/-/rlp-4.0.1.tgz#626fabfd9081baab3d0a3074b0c7ecaf674aaa41"
  integrity sha512-tqsQiBQDQdmPWE1xkkBq4rlSW5QZpLOUJ5RJh2/9fug+q9tnUhuZoVLk7s0scUIKTOzEtR72DFBXI4WiZcMpvw==

"@ethersproject/abi@^5.7.0":
  version "5.7.0"
  resolved "https://registry.yarnpkg.com/@ethersproject/abi/-/abi-5.7.0.tgz#b3f3e045bbbeed1af3947335c247ad625a44e449"
  integrity sha512-351ktp42TiRcYB3H1OP8yajPeAQstMW/yCFokj/AthP9bLHzQFPlOrxOcwYEDkUAICmOHljvN4K39OMTMUa9RA==
  dependencies:
    "@ethersproject/address" "^5.7.0"
    "@ethersproject/bignumber" "^5.7.0"
    "@ethersproject/bytes" "^5.7.0"
    "@ethersproject/constants" "^5.7.0"
    "@ethersproject/hash" "^5.7.0"
    "@ethersproject/keccak256" "^5.7.0"
    "@ethersproject/logger" "^5.7.0"
    "@ethersproject/properties" "^5.7.0"
    "@ethersproject/strings" "^5.7.0"

"@ethersproject/abstract-provider@^5.7.0":
  version "5.7.0"
  resolved "https://registry.yarnpkg.com/@ethersproject/abstract-provider/-/abstract-provider-5.7.0.tgz#b0a8550f88b6bf9d51f90e4795d48294630cb9ef"
  integrity sha512-R41c9UkchKCpAqStMYUpdunjo3pkEvZC3FAwZn5S5MGbXoMQOHIdHItezTETxAO5bevtMApSyEhn9+CHcDsWBw==
  dependencies:
    "@ethersproject/bignumber" "^5.7.0"
    "@ethersproject/bytes" "^5.7.0"
    "@ethersproject/logger" "^5.7.0"
    "@ethersproject/networks" "^5.7.0"
    "@ethersproject/properties" "^5.7.0"
    "@ethersproject/transactions" "^5.7.0"
    "@ethersproject/web" "^5.7.0"

"@ethersproject/abstract-signer@^5.7.0":
  version "5.7.0"
  resolved "https://registry.yarnpkg.com/@ethersproject/abstract-signer/-/abstract-signer-5.7.0.tgz#13f4f32117868452191a4649723cb086d2b596b2"
  integrity sha512-a16V8bq1/Cz+TGCkE2OPMTOUDLS3grCpdjoJCYNnVBbdYEMSgKrU0+B90s8b6H+ByYTBZN7a3g76jdIJi7UfKQ==
  dependencies:
    "@ethersproject/abstract-provider" "^5.7.0"
    "@ethersproject/bignumber" "^5.7.0"
    "@ethersproject/bytes" "^5.7.0"
    "@ethersproject/logger" "^5.7.0"
    "@ethersproject/properties" "^5.7.0"

"@ethersproject/address@^5.7.0":
  version "5.7.0"
  resolved "https://registry.yarnpkg.com/@ethersproject/address/-/address-5.7.0.tgz#19b56c4d74a3b0a46bfdbb6cfcc0a153fc697f37"
  integrity sha512-9wYhYt7aghVGo758POM5nqcOMaE168Q6aRLJZwUmiqSrAungkG74gSSeKEIR7ukixesdRZGPgVqme6vmxs1fkA==
  dependencies:
    "@ethersproject/bignumber" "^5.7.0"
    "@ethersproject/bytes" "^5.7.0"
    "@ethersproject/keccak256" "^5.7.0"
    "@ethersproject/logger" "^5.7.0"
    "@ethersproject/rlp" "^5.7.0"

"@ethersproject/base64@^5.7.0":
  version "5.7.0"
  resolved "https://registry.yarnpkg.com/@ethersproject/base64/-/base64-5.7.0.tgz#ac4ee92aa36c1628173e221d0d01f53692059e1c"
  integrity sha512-Dr8tcHt2mEbsZr/mwTPIQAf3Ai0Bks/7gTw9dSqk1mQvhW3XvRlmDJr/4n+wg1JmCl16NZue17CDh8xb/vZ0sQ==
  dependencies:
    "@ethersproject/bytes" "^5.7.0"

"@ethersproject/bignumber@^5.7.0":
  version "5.7.0"
  resolved "https://registry.yarnpkg.com/@ethersproject/bignumber/-/bignumber-5.7.0.tgz#e2f03837f268ba655ffba03a57853e18a18dc9c2"
  integrity sha512-n1CAdIHRWjSucQO3MC1zPSVgV/6dy/fjL9pMrPP9peL+QxEg9wOsVqwD4+818B6LUEtaXzVHQiuivzRoxPxUGw==
  dependencies:
    "@ethersproject/bytes" "^5.7.0"
    "@ethersproject/logger" "^5.7.0"
    bn.js "^5.2.1"

"@ethersproject/bytes@^5.7.0":
  version "5.7.0"
  resolved "https://registry.yarnpkg.com/@ethersproject/bytes/-/bytes-5.7.0.tgz#a00f6ea8d7e7534d6d87f47188af1148d71f155d"
  integrity sha512-nsbxwgFXWh9NyYWo+U8atvmMsSdKJprTcICAkvbBffT75qDocbuggBU0SJiVK2MuTrp0q+xvLkTnGMPK1+uA9A==
  dependencies:
    "@ethersproject/logger" "^5.7.0"

"@ethersproject/constants@^5.7.0":
  version "5.7.0"
  resolved "https://registry.yarnpkg.com/@ethersproject/constants/-/constants-5.7.0.tgz#df80a9705a7e08984161f09014ea012d1c75295e"
  integrity sha512-DHI+y5dBNvkpYUMiRQyxRBYBefZkJfo70VUkUAsRjcPs47muV9evftfZ0PJVCXYbAiCgght0DtcF9srFQmIgWA==
  dependencies:
    "@ethersproject/bignumber" "^5.7.0"

"@ethersproject/hash@^5.7.0":
  version "5.7.0"
  resolved "https://registry.yarnpkg.com/@ethersproject/hash/-/hash-5.7.0.tgz#eb7aca84a588508369562e16e514b539ba5240a7"
  integrity sha512-qX5WrQfnah1EFnO5zJv1v46a8HW0+E5xuBBDTwMFZLuVTx0tbU2kkx15NqdjxecrLGatQN9FGQKpb1FKdHCt+g==
  dependencies:
    "@ethersproject/abstract-signer" "^5.7.0"
    "@ethersproject/address" "^5.7.0"
    "@ethersproject/base64" "^5.7.0"
    "@ethersproject/bignumber" "^5.7.0"
    "@ethersproject/bytes" "^5.7.0"
    "@ethersproject/keccak256" "^5.7.0"
    "@ethersproject/logger" "^5.7.0"
    "@ethersproject/properties" "^5.7.0"
    "@ethersproject/strings" "^5.7.0"

"@ethersproject/keccak256@^5.7.0":
  version "5.7.0"
  resolved "https://registry.yarnpkg.com/@ethersproject/keccak256/-/keccak256-5.7.0.tgz#3186350c6e1cd6aba7940384ec7d6d9db01f335a"
  integrity sha512-2UcPboeL/iW+pSg6vZ6ydF8tCnv3Iu/8tUmLLzWWGzxWKFFqOBQFLo6uLUv6BDrLgCDfN28RJ/wtByx+jZ4KBg==
  dependencies:
    "@ethersproject/bytes" "^5.7.0"
    js-sha3 "0.8.0"

"@ethersproject/logger@^5.7.0":
  version "5.7.0"
  resolved "https://registry.yarnpkg.com/@ethersproject/logger/-/logger-5.7.0.tgz#6ce9ae168e74fecf287be17062b590852c311892"
  integrity sha512-0odtFdXu/XHtjQXJYA3u9G0G8btm0ND5Cu8M7i5vhEcE8/HmF4Lbdqanwyv4uQTr2tx6b7fQRmgLrsnpQlmnig==

"@ethersproject/networks@^5.7.0":
  version "5.7.1"
  resolved "https://registry.yarnpkg.com/@ethersproject/networks/-/networks-5.7.1.tgz#118e1a981d757d45ccea6bb58d9fd3d9db14ead6"
  integrity sha512-n/MufjFYv3yFcUyfhnXotyDlNdFb7onmkSy8aQERi2PjNcnWQ66xXxa3XlS8nCcA8aJKJjIIMNJTC7tu80GwpQ==
  dependencies:
    "@ethersproject/logger" "^5.7.0"

"@ethersproject/properties@^5.7.0":
  version "5.7.0"
  resolved "https://registry.yarnpkg.com/@ethersproject/properties/-/properties-5.7.0.tgz#a6e12cb0439b878aaf470f1902a176033067ed30"
  integrity sha512-J87jy8suntrAkIZtecpxEPxY//szqr1mlBaYlQ0r4RCaiD2hjheqF9s1LVE8vVuJCXisjIP+JgtK/Do54ej4Sw==
  dependencies:
    "@ethersproject/logger" "^5.7.0"

"@ethersproject/rlp@^5.7.0":
  version "5.7.0"
  resolved "https://registry.yarnpkg.com/@ethersproject/rlp/-/rlp-5.7.0.tgz#de39e4d5918b9d74d46de93af80b7685a9c21304"
  integrity sha512-rBxzX2vK8mVF7b0Tol44t5Tb8gomOHkj5guL+HhzQ1yBh/ydjGnpw6at+X6Iw0Kp3OzzzkcKp8N9r0W4kYSs9w==
  dependencies:
    "@ethersproject/bytes" "^5.7.0"
    "@ethersproject/logger" "^5.7.0"

"@ethersproject/signing-key@^5.7.0":
  version "5.7.0"
  resolved "https://registry.yarnpkg.com/@ethersproject/signing-key/-/signing-key-5.7.0.tgz#06b2df39411b00bc57c7c09b01d1e41cf1b16ab3"
  integrity sha512-MZdy2nL3wO0u7gkB4nA/pEf8lu1TlFswPNmy8AiYkfKTdO6eXBJyUdmHO/ehm/htHw9K/qF8ujnTyUAD+Ry54Q==
  dependencies:
    "@ethersproject/bytes" "^5.7.0"
    "@ethersproject/logger" "^5.7.0"
    "@ethersproject/properties" "^5.7.0"
    bn.js "^5.2.1"
    elliptic "6.5.4"
    hash.js "1.1.7"

"@ethersproject/strings@^5.7.0":
  version "5.7.0"
  resolved "https://registry.yarnpkg.com/@ethersproject/strings/-/strings-5.7.0.tgz#54c9d2a7c57ae8f1205c88a9d3a56471e14d5ed2"
  integrity sha512-/9nu+lj0YswRNSH0NXYqrh8775XNyEdUQAuf3f+SmOrnVewcJ5SBNAjF7lpgehKi4abvNNXyf+HX86czCdJ8Mg==
  dependencies:
    "@ethersproject/bytes" "^5.7.0"
    "@ethersproject/constants" "^5.7.0"
    "@ethersproject/logger" "^5.7.0"

"@ethersproject/transactions@^5.7.0":
  version "5.7.0"
  resolved "https://registry.yarnpkg.com/@ethersproject/transactions/-/transactions-5.7.0.tgz#91318fc24063e057885a6af13fdb703e1f993d3b"
  integrity sha512-kmcNicCp1lp8qanMTC3RIikGgoJ80ztTyvtsFvCYpSCfkjhD0jZ2LOrnbcuxuToLIUYYf+4XwD1rP+B/erDIhQ==
  dependencies:
    "@ethersproject/address" "^5.7.0"
    "@ethersproject/bignumber" "^5.7.0"
    "@ethersproject/bytes" "^5.7.0"
    "@ethersproject/constants" "^5.7.0"
    "@ethersproject/keccak256" "^5.7.0"
    "@ethersproject/logger" "^5.7.0"
    "@ethersproject/properties" "^5.7.0"
    "@ethersproject/rlp" "^5.7.0"
    "@ethersproject/signing-key" "^5.7.0"

"@ethersproject/web@^5.7.0":
  version "5.7.1"
  resolved "https://registry.yarnpkg.com/@ethersproject/web/-/web-5.7.1.tgz#de1f285b373149bee5928f4eb7bcb87ee5fbb4ae"
  integrity sha512-Gueu8lSvyjBWL4cYsWsjh6MtMwM0+H4HvqFPZfB6dV8ctbP9zFAO73VG1cMWae0FLPCtz0peKPpZY8/ugJJX2w==
  dependencies:
    "@ethersproject/base64" "^5.7.0"
    "@ethersproject/bytes" "^5.7.0"
    "@ethersproject/logger" "^5.7.0"
    "@ethersproject/properties" "^5.7.0"
    "@ethersproject/strings" "^5.7.0"

"@jridgewell/resolve-uri@^3.0.3":
  version "3.1.1"
  resolved "https://registry.yarnpkg.com/@jridgewell/resolve-uri/-/resolve-uri-3.1.1.tgz#c08679063f279615a3326583ba3a90d1d82cc721"
  integrity sha512-dSYZh7HhCDtCKm4QakX0xFpsRDqjjtZf/kjI/v3T3Nwt5r8/qz/M19F9ySyOqU94SXBmeG9ttTul+YnR4LOxFA==

"@jridgewell/sourcemap-codec@^1.4.10":
  version "1.4.15"
  resolved "https://registry.yarnpkg.com/@jridgewell/sourcemap-codec/-/sourcemap-codec-1.4.15.tgz#d7c6e6755c78567a951e04ab52ef0fd26de59f32"
  integrity sha512-eF2rxCRulEKXHTRiDrDy6erMYWqNw4LPdQ8UQA4huuxaQsVeRPFl2oM8oDGxMFhJUWZf9McpLtJasDDZb/Bpeg==

"@jridgewell/trace-mapping@0.3.9":
  version "0.3.9"
  resolved "https://registry.yarnpkg.com/@jridgewell/trace-mapping/-/trace-mapping-0.3.9.tgz#6534fd5933a53ba7cbf3a17615e273a0d1273ff9"
  integrity sha512-3Belt6tdc8bPgAtbcmdtNJlirVoTmEb5e2gC94PnkwEW9jI6CAHUeoG85tjWP5WquqfavoMtMwiG4P926ZKKuQ==
  dependencies:
    "@jridgewell/resolve-uri" "^3.0.3"
    "@jridgewell/sourcemap-codec" "^1.4.10"

"@noble/hashes@1.2.0", "@noble/hashes@~1.2.0":
  version "1.2.0"
  resolved "https://registry.yarnpkg.com/@noble/hashes/-/hashes-1.2.0.tgz#a3150eeb09cc7ab207ebf6d7b9ad311a9bdbed12"
  integrity sha512-FZfhjEDbT5GRswV3C6uvLPHMiVD6lQBmpoX5+eSiPaMTXte/IKqI5dykDxzZB/WBeK/CDuQRBWarPdi3FNY2zQ==

"@noble/secp256k1@1.7.1", "@noble/secp256k1@~1.7.0":
  version "1.7.1"
  resolved "https://registry.yarnpkg.com/@noble/secp256k1/-/secp256k1-1.7.1.tgz#b251c70f824ce3ca7f8dc3df08d58f005cc0507c"
  integrity sha512-hOUk6AyBFmqVrv7k5WAw/LpszxVbj9gGN4JRkIX52fdFAj1UA61KXmZDvqVEm+pOyec3+fIeZB02LYa/pWOArw==

"@openzeppelin/contracts@^4.8.3":
  version "4.8.3"
  resolved "https://registry.yarnpkg.com/@openzeppelin/contracts/-/contracts-4.8.3.tgz#cbef3146bfc570849405f59cba18235da95a252a"
  integrity sha512-bQHV8R9Me8IaJoJ2vPG4rXcL7seB7YVuskr4f+f5RyOStSZetwzkWtoqDMl5erkBJy0lDRUnIR2WIkPiC0GJlg==

"@scure/base@~1.1.0":
  version "1.1.1"
  resolved "https://registry.yarnpkg.com/@scure/base/-/base-1.1.1.tgz#ebb651ee52ff84f420097055f4bf46cfba403938"
  integrity sha512-ZxOhsSyxYwLJj3pLZCefNitxsj093tb2vq90mp2txoYeBqbcjDjqFhyM8eUjq/uFm6zJ+mUuqxlS2FkuSY1MTA==

"@scure/bip32@1.1.5":
  version "1.1.5"
  resolved "https://registry.yarnpkg.com/@scure/bip32/-/bip32-1.1.5.tgz#d2ccae16dcc2e75bc1d75f5ef3c66a338d1ba300"
  integrity sha512-XyNh1rB0SkEqd3tXcXMi+Xe1fvg+kUIcoRIEujP1Jgv7DqW2r9lg3Ah0NkFaCs9sTkQAQA8kw7xiRXzENi9Rtw==
  dependencies:
    "@noble/hashes" "~1.2.0"
    "@noble/secp256k1" "~1.7.0"
    "@scure/base" "~1.1.0"

"@scure/bip39@1.1.1":
  version "1.1.1"
  resolved "https://registry.yarnpkg.com/@scure/bip39/-/bip39-1.1.1.tgz#b54557b2e86214319405db819c4b6a370cf340c5"
  integrity sha512-t+wDck2rVkh65Hmv280fYdVdY25J9YeEUIgn2LG1WM6gxFkGzcksoDiUkWVpVp3Oex9xGC68JU2dSbUfwZ2jPg==
  dependencies:
    "@noble/hashes" "~1.2.0"
    "@scure/base" "~1.1.0"

"@tsconfig/node10@^1.0.7":
  version "1.0.9"
  resolved "https://registry.yarnpkg.com/@tsconfig/node10/-/node10-1.0.9.tgz#df4907fc07a886922637b15e02d4cebc4c0021b2"
  integrity sha512-jNsYVVxU8v5g43Erja32laIDHXeoNvFEpX33OK4d6hljo3jDhCBDhx5dhCCTMWUojscpAagGiRkBKxpdl9fxqA==

"@tsconfig/node12@^1.0.7":
  version "1.0.11"
  resolved "https://registry.yarnpkg.com/@tsconfig/node12/-/node12-1.0.11.tgz#ee3def1f27d9ed66dac6e46a295cffb0152e058d"
  integrity sha512-cqefuRsh12pWyGsIoBKJA9luFu3mRxCA+ORZvA4ktLSzIuCUtWVxGIuXigEwO5/ywWFMZ2QEGKWvkZG1zDMTag==

"@tsconfig/node14@^1.0.0":
  version "1.0.3"
  resolved "https://registry.yarnpkg.com/@tsconfig/node14/-/node14-1.0.3.tgz#e4386316284f00b98435bf40f72f75a09dabf6c1"
  integrity sha512-ysT8mhdixWK6Hw3i1V2AeRqZ5WfXg1G43mqoYlM2nc6388Fq5jcXyr5mRsqViLx/GJYdoL0bfXD8nmF+Zn/Iow==

"@tsconfig/node16@^1.0.2":
  version "1.0.3"
  resolved "https://registry.yarnpkg.com/@tsconfig/node16/-/node16-1.0.3.tgz#472eaab5f15c1ffdd7f8628bd4c4f753995ec79e"
  integrity sha512-yOlFc+7UtL/89t2ZhjPvvB/DeAr3r+Dq58IgzsFkOAvVC6NMJXmCGjbptdXdR9qsX7pKcTL+s87FtYREi2dEEQ==

"@types/node@^18.16.3":
  version "18.16.3"
  resolved "https://registry.yarnpkg.com/@types/node/-/node-18.16.3.tgz#6bda7819aae6ea0b386ebc5b24bdf602f1b42b01"
  integrity sha512-OPs5WnnT1xkCBiuQrZA4+YAV4HEJejmHneyraIaxsbev5yCEr6KMwINNFP9wQeFIw8FWcoTqF3vQsa5CDaI+8Q==

acorn-walk@^8.1.1:
  version "8.2.0"
  resolved "https://registry.yarnpkg.com/acorn-walk/-/acorn-walk-8.2.0.tgz#741210f2e2426454508853a2f44d0ab83b7f69c1"
  integrity sha512-k+iyHEuPgSw6SbuDpGQM+06HQUa04DZ3o+F6CSzXMvvI5KMvnaEqXe+YVe555R9nn6GPt404fos4wcgpw12SDA==

acorn@^8.4.1:
  version "8.8.2"
  resolved "https://registry.yarnpkg.com/acorn/-/acorn-8.8.2.tgz#1b2f25db02af965399b9776b0c2c391276d37c4a"
  integrity sha512-xjIYgE8HBrkpd/sJqOGNspf8uHG+NOHGOw6a/Urj8taM2EXfdNAH2oFcPeIFfsv3+kz/mJrS5VuMqbNLjCa2vw==

ajv@^8.11.0:
  version "8.12.0"
  resolved "https://registry.yarnpkg.com/ajv/-/ajv-8.12.0.tgz#d1a0527323e22f53562c567c00991577dfbe19d1"
  integrity sha512-sRu1kpcO9yLtYxBKvqfTeh9KzZEwO3STyX1HT+4CaDzC6HpTGYhIhPIzj9XuKU7KYDwnaeh5hcOwjy1QuJzBPA==
  dependencies:
    fast-deep-equal "^3.1.1"
    json-schema-traverse "^1.0.0"
    require-from-string "^2.0.2"
    uri-js "^4.2.2"

arg@^4.1.0:
  version "4.1.3"
  resolved "https://registry.yarnpkg.com/arg/-/arg-4.1.3.tgz#269fc7ad5b8e42cb63c896d5666017261c144089"
  integrity sha512-58S9QDqG0Xx27YwPSt9fJxivjYl432YCwfDMfZ+71RAqUrZef7LrKQZ3LHLOwCS4FLNBplP533Zx895SeOCHvA==

bn.js@^4.11.9:
  version "4.12.0"
  resolved "https://registry.yarnpkg.com/bn.js/-/bn.js-4.12.0.tgz#775b3f278efbb9718eec7361f483fb36fbbfea88"
  integrity sha512-c98Bf3tPniI+scsdk237ku1Dc3ujXQTSgyiPUDEOe7tRkhrqridvh8klBv0HCEso1OLOYcHuCv/cS6DNxKH+ZA==

bn.js@^5.2.1:
  version "5.2.1"
  resolved "https://registry.yarnpkg.com/bn.js/-/bn.js-5.2.1.tgz#0bc527a6a0d18d0aa8d5b0538ce4a77dccfa7b70"
  integrity sha512-eXRvHzWyYPBuB4NBy0cmYQjGitUrtqwbvlzP3G6VFnNRbsZQIxQ10PbKKHt8gZ/HW/D/747aDl+QkDqg3KQLMQ==

brorand@^1.1.0:
  version "1.1.0"
  resolved "https://registry.yarnpkg.com/brorand/-/brorand-1.1.0.tgz#12c25efe40a45e3c323eb8675a0a0ce57b22371f"
  integrity sha512-cKV8tMCEpQs4hK/ik71d6LrPOnpkpGBR0wzxqr68g2m/LB2GxVYQroAjMJZRVM1Y4BCjCKc3vAamxSzOY2RP+w==

crc-32@^1.2.2:
  version "1.2.2"
  resolved "https://registry.yarnpkg.com/crc-32/-/crc-32-1.2.2.tgz#3cad35a934b8bf71f25ca524b6da51fb7eace2ff"
  integrity sha512-ROmzCKrTnOwybPcJApAA6WBWij23HVfGVNKqqrZpuyZOHqK2CwHSvpGuyt/UNNvaIjEd8X5IFGp4Mh+Ie1IHJQ==

create-require@^1.1.0:
  version "1.1.1"
  resolved "https://registry.yarnpkg.com/create-require/-/create-require-1.1.1.tgz#c1d7e8f1e5f6cfc9ff65f9cd352d37348756c333"
  integrity sha512-dcKFX3jn0MpIaXjisoRvexIJVEKzaq7z2rZKxf+MSr9TkdmHmsU4m2lcLojrj/FHl8mk5VxMmYA+ftRkP/3oKQ==

cross-fetch@^3.1.5:
  version "3.1.5"
  resolved "https://registry.yarnpkg.com/cross-fetch/-/cross-fetch-3.1.5.tgz#e1389f44d9e7ba767907f7af8454787952ab534f"
  integrity sha512-lvb1SBsI0Z7GDwmuid+mU3kWVBwTVUbe7S0H52yaaAdQOXq2YktTCZdlAcNKFzE6QtRz0snpw9bNiPeOIkkQvw==
  dependencies:
    node-fetch "2.6.7"

diff@^4.0.1:
  version "4.0.2"
  resolved "https://registry.yarnpkg.com/diff/-/diff-4.0.2.tgz#60f3aecb89d5fae520c11aa19efc2bb982aade7d"
  integrity sha512-58lmxKSA4BNyLz+HHMUzlOEpg09FV+ev6ZMe3vJihgdxzgcwZ8VoEEPmALCZG9LmqfVoNMMKpttIYTVG6uDY7A==

elliptic@6.5.4:
  version "6.5.4"
  resolved "https://registry.yarnpkg.com/elliptic/-/elliptic-6.5.4.tgz#da37cebd31e79a1367e941b592ed1fbebd58abbb"
  integrity sha512-iLhC6ULemrljPZb+QutR5TQGB+pdW6KGD5RSegS+8sorOZT+rdQFbsQFJgvN3eRqNALqJer4oQ16YvJHlU8hzQ==
  dependencies:
    bn.js "^4.11.9"
    brorand "^1.1.0"
    hash.js "^1.0.0"
    hmac-drbg "^1.0.1"
    inherits "^2.0.4"
    minimalistic-assert "^1.0.1"
    minimalistic-crypto-utils "^1.0.1"

ethereum-cryptography@^1.1.2:
  version "1.2.0"
  resolved "https://registry.yarnpkg.com/ethereum-cryptography/-/ethereum-cryptography-1.2.0.tgz#5ccfa183e85fdaf9f9b299a79430c044268c9b3a"
  integrity sha512-6yFQC9b5ug6/17CQpCyE3k9eKBMdhyVjzUy1WkiuY/E4vj/SXDBbCw8QEIaXqf0Mf2SnY6RmpDcwlUmBSS0EJw==
  dependencies:
    "@noble/hashes" "1.2.0"
    "@noble/secp256k1" "1.7.1"
    "@scure/bip32" "1.1.5"
    "@scure/bip39" "1.1.1"

fast-deep-equal@^3.1.1:
  version "3.1.3"
  resolved "https://registry.yarnpkg.com/fast-deep-equal/-/fast-deep-equal-3.1.3.tgz#3a7d56b559d6cbc3eb512325244e619a65c6c525"
  integrity sha512-f3qQ9oQy9j2AhBe/H9VC91wLmKBCCU/gDOnKNAYG5hswO7BLKj09Hc5HYNz9cGI++xlpDCIgDaitVs03ATR84Q==

hash.js@1.1.7, hash.js@^1.0.0, hash.js@^1.0.3:
  version "1.1.7"
  resolved "https://registry.yarnpkg.com/hash.js/-/hash.js-1.1.7.tgz#0babca538e8d4ee4a0f8988d68866537a003cf42"
  integrity sha512-taOaskGt4z4SOANNseOviYDvjEJinIkRgmp7LbKP2YTTmVxWBl87s/uzK9r+44BclBSp2X7K1hqeNfz9JbBeXA==
  dependencies:
    inherits "^2.0.3"
    minimalistic-assert "^1.0.1"

hmac-drbg@^1.0.1:
  version "1.0.1"
  resolved "https://registry.yarnpkg.com/hmac-drbg/-/hmac-drbg-1.0.1.tgz#d2745701025a6c775a6c545793ed502fc0c649a1"
  integrity sha512-Tti3gMqLdZfhOQY1Mzf/AanLiqh1WTiJgEj26ZuYQ9fbkLomzGchCws4FyrSd4VkpBfiNhaE1On+lOz894jvXg==
  dependencies:
    hash.js "^1.0.3"
    minimalistic-assert "^1.0.0"
    minimalistic-crypto-utils "^1.0.1"

inherits@^2.0.3, inherits@^2.0.4:
  version "2.0.4"
  resolved "https://registry.yarnpkg.com/inherits/-/inherits-2.0.4.tgz#0fa2c64f932917c3433a0ded55363aae37416b7c"
  integrity sha512-k/vGaX4/Yla3WzyMCvTQOXYeIHvqOKtnqBduzTHpzpQZzAskKMhZ2K+EnBiSM9zGSoIFeMpXKxa4dYeZIQqewQ==

isomorphic-ws@^5.0.0:
  version "5.0.0"
  resolved "https://registry.yarnpkg.com/isomorphic-ws/-/isomorphic-ws-5.0.0.tgz#e5529148912ecb9b451b46ed44d53dae1ce04bbf"
  integrity sha512-muId7Zzn9ywDsyXgTIafTry2sV3nySZeUDe6YedVd1Hvuuep5AsIlqK+XefWpYTyJG5e503F2xIuT2lcU6rCSw==

js-sha3@0.8.0:
  version "0.8.0"
  resolved "https://registry.yarnpkg.com/js-sha3/-/js-sha3-0.8.0.tgz#b9b7a5da73afad7dedd0f8c463954cbde6818840"
  integrity sha512-gF1cRrHhIzNfToc802P800N8PpXS+evLLXfsVpowqmAFR9uwbi89WvXg2QspOmXL8QL86J4T1EpFu+yUkwJY3Q==

json-schema-traverse@^1.0.0:
  version "1.0.0"
  resolved "https://registry.yarnpkg.com/json-schema-traverse/-/json-schema-traverse-1.0.0.tgz#ae7bcb3656ab77a73ba5c49bf654f38e6b6860e2"
  integrity sha512-NM8/P9n3XjXhIZn1lLhkFaACTOURQXjWhV4BA/RnOv8xvgqtqpAX9IO4mRQxSx1Rlo4tqzeqb0sOlruaOy3dug==

make-error@^1.1.1:
  version "1.3.6"
  resolved "https://registry.yarnpkg.com/make-error/-/make-error-1.3.6.tgz#2eb2e37ea9b67c4891f684a1394799af484cf7a2"
  integrity sha512-s8UhlNe7vPKomQhC1qFelMokr/Sc3AgNbso3n74mVPA5LTZwkB9NlXf4XPamLxJE8h0gh73rM94xvwRT2CVInw==

minimalistic-assert@^1.0.0, minimalistic-assert@^1.0.1:
  version "1.0.1"
  resolved "https://registry.yarnpkg.com/minimalistic-assert/-/minimalistic-assert-1.0.1.tgz#2e194de044626d4a10e7f7fbc00ce73e83e4d5c7"
  integrity sha512-UtJcAD4yEaGtjPezWuO9wC4nwUnVH/8/Im3yEHQP4b67cXlD/Qr9hdITCU1xDbSEXg2XKNaP8jsReV7vQd00/A==

minimalistic-crypto-utils@^1.0.1:
  version "1.0.1"
  resolved "https://registry.yarnpkg.com/minimalistic-crypto-utils/-/minimalistic-crypto-utils-1.0.1.tgz#f6c00c1c0b082246e5c4d99dfb8c7c083b2b582a"
  integrity sha512-JIYlbt6g8i5jKfJ3xz7rF0LXmv2TkDxBLUkiBeZ7bAx4GnnNMr8xFpGnOxn6GhTEHx3SjRrZEoU+j04prX1ktg==

node-fetch@2.6.7:
  version "2.6.7"
  resolved "https://registry.yarnpkg.com/node-fetch/-/node-fetch-2.6.7.tgz#24de9fba827e3b4ae44dc8b20256a379160052ad"
  integrity sha512-ZjMPFEfVx5j+y2yF35Kzx5sF7kDzxuDj6ziH4FFbOp87zKDZNx8yExJIb05OGF4Nlt9IHFIMBkRl41VdvcNdbQ==
  dependencies:
    whatwg-url "^5.0.0"

punycode@^2.1.0:
  version "2.3.0"
  resolved "https://registry.yarnpkg.com/punycode/-/punycode-2.3.0.tgz#f67fa67c94da8f4d0cfff981aee4118064199b8f"
  integrity sha512-rRV+zQD8tVFys26lAGR9WUuS4iUAngJScM+ZRSKtvl5tKeZ2t5bvdNFdNHBW9FWR4guGHlgmsZ1G7BSm2wTbuA==

require-from-string@^2.0.2:
  version "2.0.2"
  resolved "https://registry.yarnpkg.com/require-from-string/-/require-from-string-2.0.2.tgz#89a7fdd938261267318eafe14f9c32e598c36909"
  integrity sha512-Xf0nWe6RseziFMu+Ap9biiUbmplq6S9/p+7w7YXP/JBHhrUDDUhwa+vANyubuqfZWTveU//DYVGsDG7RKL/vEw==

setimmediate@^1.0.5:
  version "1.0.5"
  resolved "https://registry.yarnpkg.com/setimmediate/-/setimmediate-1.0.5.tgz#290cbb232e306942d7d7ea9b83732ab7856f8285"
  integrity sha512-MATJdZp8sLqDl/68LfQmbP8zKPLQNV6BIZoIgrscFDQ+RsvK/BxeDQOgyxKKoh0y/8h3BqVFnCqQ/gd+reiIXA==

tr46@~0.0.3:
  version "0.0.3"
  resolved "https://registry.yarnpkg.com/tr46/-/tr46-0.0.3.tgz#8184fd347dac9cdc185992f3a6622e14b9d9ab6a"
  integrity sha512-N3WMsuqV66lT30CrXNbEjx4GEwlow3v6rr4mCcv6prnfwhS01rkgyFdjPNBYd9br7LpXV1+Emh01fHnq2Gdgrw==

ts-node@^10.9.1:
  version "10.9.1"
  resolved "https://registry.yarnpkg.com/ts-node/-/ts-node-10.9.1.tgz#e73de9102958af9e1f0b168a6ff320e25adcff4b"
  integrity sha512-NtVysVPkxxrwFGUUxGYhfux8k78pQB3JqYBXlLRZgdGUqTO5wU/UyHop5p70iEbGhB7q5KmiZiU0Y3KlJrScEw==
  dependencies:
    "@cspotcode/source-map-support" "^0.8.0"
    "@tsconfig/node10" "^1.0.7"
    "@tsconfig/node12" "^1.0.7"
    "@tsconfig/node14" "^1.0.0"
    "@tsconfig/node16" "^1.0.2"
    acorn "^8.4.1"
    acorn-walk "^8.1.1"
    arg "^4.1.0"
    create-require "^1.1.0"
    diff "^4.0.1"
    make-error "^1.1.1"
    v8-compile-cache-lib "^3.0.1"
    yn "3.1.1"

typescript@^5.0.4:
  version "5.0.4"
  resolved "https://registry.yarnpkg.com/typescript/-/typescript-5.0.4.tgz#b217fd20119bd61a94d4011274e0ab369058da3b"
  integrity sha512-cW9T5W9xY37cc+jfEnaUvX91foxtHkza3Nw3wkoF4sSlKn0MONdkdEndig/qPBWXNkmplh3NzayQzCiHM4/hqw==

uri-js@^4.2.2:
  version "4.4.1"
  resolved "https://registry.yarnpkg.com/uri-js/-/uri-js-4.4.1.tgz#9b1a52595225859e55f669d928f88c6c57f2a77e"
  integrity sha512-7rKUyy33Q1yc98pQ1DAmLtwX109F7TIfWlW1Ydo8Wl1ii1SeHieeh0HHfPeL2fMXK6z0s8ecKs9frCuLJvndBg==
  dependencies:
    punycode "^2.1.0"

v8-compile-cache-lib@^3.0.1:
  version "3.0.1"
  resolved "https://registry.yarnpkg.com/v8-compile-cache-lib/-/v8-compile-cache-lib-3.0.1.tgz#6336e8d71965cb3d35a1bbb7868445a7c05264bf"
  integrity sha512-wa7YjyUGfNZngI/vtK0UHAN+lgDCxBPCylVXGp0zu59Fz5aiGtNXaq3DhIov063MorB+VfufLh3JlF2KdTK3xg==

web3-core@^4.0.1-rc.1:
  version "4.0.1-rc.1"
  resolved "https://registry.yarnpkg.com/web3-core/-/web3-core-4.0.1-rc.1.tgz#680bac30b8a2e819f651d181bc865de880fc37a3"
  integrity sha512-Sf9lKbkOPsTVN9HwWEmirX1X3tcjThQFyNxEIOKnxTwnUg/eza1j8m+c//xRCe7EBP0EWmqrjsXLkeMdPnV9VA==
  dependencies:
    web3-errors "^1.0.0-rc.1"
    web3-eth-iban "^4.0.1-rc.1"
    web3-providers-http "^4.0.1-rc.1"
    web3-providers-ws "^4.0.1-rc.1"
    web3-types "^1.0.0-rc.1"
    web3-utils "^4.0.1-rc.1"
    web3-validator "^1.0.0-rc.1"
  optionalDependencies:
    web3-providers-ipc "^4.0.1-rc.1"

web3-errors@^1.0.0-rc.1:
  version "1.0.0-rc.1"
  resolved "https://registry.yarnpkg.com/web3-errors/-/web3-errors-1.0.0-rc.1.tgz#55d2ef3c6890bfbacf1d4d6f036b417e9a56fe99"
  integrity sha512-0okx1ZAECh+BvtaN6UShSP8z3tt36wRQzbcEbfe8g/qFfcSPVeQk+VJ69iE+wGQya4NzWelYxkxwbwUsUkm8cA==
  dependencies:
    web3-types "^1.0.0-rc.1"

web3-eth-abi@^4.0.1-rc.1:
  version "4.0.1-rc.1"
  resolved "https://registry.yarnpkg.com/web3-eth-abi/-/web3-eth-abi-4.0.1-rc.1.tgz#b719d07c5b2bcdb3d9b798af7e267dba62c3a6f1"
  integrity sha512-VKudlBkQb6JUauRjAJikjzXq93yyz6Y5jyVbp57nS9Oz4zklpjwWR/n5bfykjAPL7VxzSeO27rfAOsvsA0NUdg==
  dependencies:
    "@ethersproject/abi" "^5.7.0"
    "@ethersproject/bignumber" "^5.7.0"
    web3-errors "^1.0.0-rc.1"
    web3-types "^1.0.0-rc.1"
    web3-utils "^4.0.1-rc.1"

web3-eth-accounts@^4.0.1-rc.1:
  version "4.0.1-rc.1"
  resolved "https://registry.yarnpkg.com/web3-eth-accounts/-/web3-eth-accounts-4.0.1-rc.1.tgz#7a0b9675c811c67aa115a3797365fbe2210317a9"
  integrity sha512-Ipimuf5v53m/NGqkPamIrLCgBPB9jfvfpEhftjkzr3HmmU8cCZuYZWYiM/XV8ZnoEATCnGkIR21QpiIq8GTFyg==
  dependencies:
    "@ethereumjs/rlp" "^4.0.1"
    crc-32 "^1.2.2"
    ethereum-cryptography "^1.1.2"
    web3-errors "^1.0.0-rc.1"
    web3-types "^1.0.0-rc.1"
    web3-utils "^4.0.1-rc.1"
    web3-validator "^1.0.0-rc.1"

web3-eth-contract@^4.0.1-rc.1:
  version "4.0.1-rc.1"
  resolved "https://registry.yarnpkg.com/web3-eth-contract/-/web3-eth-contract-4.0.1-rc.1.tgz#70b525621255226073b6301901161ecd7050a5ac"
  integrity sha512-v88K4dWS1xbtfBPCcHJv/Kff+oYD7ulIabvg3CUG9hxf2GxorV1wWoJ7F/kYoKXP1uZy+cQoZYe/UDwloWdQRg==
  dependencies:
    web3-core "^4.0.1-rc.1"
    web3-errors "^1.0.0-rc.1"
    web3-eth "^4.0.1-rc.1"
    web3-eth-abi "^4.0.1-rc.1"
    web3-types "^1.0.0-rc.1"
    web3-utils "^4.0.1-rc.1"
    web3-validator "^1.0.0-rc.1"

web3-eth-ens@^4.0.1-rc.1:
  version "4.0.1-rc.1"
  resolved "https://registry.yarnpkg.com/web3-eth-ens/-/web3-eth-ens-4.0.1-rc.1.tgz#5f1e61affbc6e0adeed7e7c5f96c0a9f3df74faa"
  integrity sha512-Z2avvDK9fO7DDi4iCb3/L7J6AHHCeBVSUN4zr0Wza0saL3m8oC+m5UB5ZOtnsQAoey51eYo3K46KS5AQuimwKw==
  dependencies:
    "@adraffy/ens-normalize" "^1.8.8"
    web3-core "^4.0.1-rc.1"
    web3-errors "^1.0.0-rc.1"
    web3-eth "^4.0.1-rc.1"
    web3-eth-contract "^4.0.1-rc.1"
    web3-net "^4.0.1-rc.1"
    web3-types "^1.0.0-rc.1"
    web3-utils "^4.0.1-rc.1"
    web3-validator "^1.0.0-rc.1"

web3-eth-iban@^4.0.1-rc.1:
  version "4.0.1-rc.1"
  resolved "https://registry.yarnpkg.com/web3-eth-iban/-/web3-eth-iban-4.0.1-rc.1.tgz#1b1f0dd3ae94b81159058de3979719277b03b837"
  integrity sha512-dwiFpj7EsXGpiVvS8bAk++xptHmVpqGDoWx/jVdWoc3WaeylZudd9khEbJ1w8KLtRFofLZ5E4yLAYA68K6TWkQ==
  dependencies:
    web3-errors "^1.0.0-rc.1"
    web3-types "^1.0.0-rc.1"
    web3-utils "^4.0.1-rc.1"
    web3-validator "^1.0.0-rc.1"

web3-eth-personal@^4.0.1-rc.1:
  version "4.0.1-rc.1"
  resolved "https://registry.yarnpkg.com/web3-eth-personal/-/web3-eth-personal-4.0.1-rc.1.tgz#1f2cb84bfa058b94264bb5eac64cc60e4128532a"
  integrity sha512-AmEGgXuqBh1IP+mnIuCqv/+r7HhCKhGULxDg9QIWQHQmN/9+debkUQaYU6RU0TftlcsKk8q5jwGdEInTCbMTZA==
  dependencies:
    web3-core "^4.0.1-rc.1"
    web3-eth "^4.0.1-rc.1"
    web3-rpc-methods "^1.0.0-rc.1"
    web3-types "^1.0.0-rc.1"
    web3-utils "^4.0.1-rc.1"
    web3-validator "^1.0.0-rc.1"

web3-eth@^4.0.1-rc.1:
  version "4.0.1-rc.1"
  resolved "https://registry.yarnpkg.com/web3-eth/-/web3-eth-4.0.1-rc.1.tgz#33031523a0a7792022da9c3604c50c55eb4626a6"
  integrity sha512-O6Grd8W0UEGPM1vO0o0c/N3Lb0mcgOvXumPP4nlIvEXljBGvnaW/iyj6LuOjAMoj4HZOe0pLeC4g1Xt96gOtoA==
  dependencies:
    setimmediate "^1.0.5"
    web3-core "^4.0.1-rc.1"
    web3-errors "^1.0.0-rc.1"
    web3-eth-abi "^4.0.1-rc.1"
    web3-eth-accounts "^4.0.1-rc.1"
    web3-net "^4.0.1-rc.1"
    web3-providers-ws "^4.0.1-rc.1"
    web3-rpc-methods "^1.0.0-rc.1"
    web3-types "^1.0.0-rc.1"
    web3-utils "^4.0.1-rc.1"
    web3-validator "^1.0.0-rc.1"

web3-net@^4.0.1-rc.1:
  version "4.0.1-rc.1"
  resolved "https://registry.yarnpkg.com/web3-net/-/web3-net-4.0.1-rc.1.tgz#d1a1ef284c3b8beb77c8ffcdce44455af071258d"
  integrity sha512-NOkgw0htSF5S0RAmfgkB8BVwdFsRd4X8Z7gIOdjLPL/IBVxi1u2XEt924MEkodJslu8f3UE62m09tKkbMgRQHw==
  dependencies:
    web3-core "^4.0.1-rc.1"
    web3-rpc-methods "^1.0.0-rc.1"
    web3-types "^1.0.0-rc.1"
    web3-utils "^4.0.1-rc.1"

web3-providers-http@^4.0.1-rc.1:
  version "4.0.1-rc.1"
  resolved "https://registry.yarnpkg.com/web3-providers-http/-/web3-providers-http-4.0.1-rc.1.tgz#5af0adf2e19a2014fd158bdd701ffab9fa9baf68"
  integrity sha512-pYenobNL3fv83uKqumnvfS7vymBo4qJkmvsAPF+bVCNtS9zjd1OG1ylsQu6B04V/y8IQVvy3LKRX0kwxUiYdrA==
  dependencies:
    cross-fetch "^3.1.5"
    web3-errors "^1.0.0-rc.1"
    web3-types "^1.0.0-rc.1"
    web3-utils "^4.0.1-rc.1"

web3-providers-ipc@^4.0.1-rc.1:
  version "4.0.1-rc.1"
  resolved "https://registry.yarnpkg.com/web3-providers-ipc/-/web3-providers-ipc-4.0.1-rc.1.tgz#257750f22e4163115b54156ebe15fa3c19e646bd"
  integrity sha512-R86g4CNPIYoqktPXqAfLWBVTVyt5Een0jpqFy0vSsdGdoR9g1v03o+sx5/++BCWYNRAg/fFmscYGjbjZWbhg5Q==
  dependencies:
    web3-errors "^1.0.0-rc.1"
    web3-types "^1.0.0-rc.1"
    web3-utils "^4.0.1-rc.1"

web3-providers-ws@^4.0.1-rc.1:
  version "4.0.1-rc.1"
  resolved "https://registry.yarnpkg.com/web3-providers-ws/-/web3-providers-ws-4.0.1-rc.1.tgz#4c4e6ecef0170e91a68e3ff110ea551b9cd6882a"
  integrity sha512-xGtqErSxXJPwLX2DY98HGITdX6zdABEvrBmkoha5LHdGy1SfUuiPQ9/60Qlli8LmyxhJxwB6J4082HZQwBSPZA==
  dependencies:
    isomorphic-ws "^5.0.0"
    web3-errors "^1.0.0-rc.1"
    web3-types "^1.0.0-rc.1"
    web3-utils "^4.0.1-rc.1"
    ws "^8.8.1"

web3-rpc-methods@^1.0.0-rc.1:
  version "1.0.0-rc.1"
  resolved "https://registry.yarnpkg.com/web3-rpc-methods/-/web3-rpc-methods-1.0.0-rc.1.tgz#f1dd716d64ba753d212d9b02132a89e8c7d87bf6"
  integrity sha512-5Xev86E5jCPDJAW4BEfOpMj7y/vB021xLCC0Xz5+Ggl4AyU/0yUInnO5NN/ZLFoZrPzCG8aT+M8Pgc2+hYFLrQ==
  dependencies:
    web3-core "^4.0.1-rc.1"
    web3-types "^1.0.0-rc.1"
    web3-validator "^1.0.0-rc.1"

web3-types@^1.0.0-rc.1:
  version "1.0.0-rc.1"
  resolved "https://registry.yarnpkg.com/web3-types/-/web3-types-1.0.0-rc.1.tgz#307a45a9ee6f0f75a37739ec7f9f46fda4353626"
  integrity sha512-yqoCkP8VTYxiCDhL0u/VQxBZXUXRcWq5tuw2fZD8VCr21w5EPDJ1wvwODlcGbrBT/Bacqeoi9kNb6FXYiUe7pA==

web3-utils@^4.0.1-rc.1:
  version "4.0.1-rc.1"
  resolved "https://registry.yarnpkg.com/web3-utils/-/web3-utils-4.0.1-rc.1.tgz#ed12679595194ad7773b07ef5907e7c0d7a8d15a"
  integrity sha512-LLu3X63paQUhtv4+UlGdmGKnwqDmdq+UzRTHecCdGKNPukiho5um5O2fS/9I+l21OXIgQPLqPSc49DuAkO57jg==
  dependencies:
    ethereum-cryptography "^1.1.2"
    web3-errors "^1.0.0-rc.1"
    web3-types "^1.0.0-rc.1"
    web3-validator "^1.0.0-rc.1"

web3-validator@^1.0.0-rc.1:
  version "1.0.0-rc.1"
  resolved "https://registry.yarnpkg.com/web3-validator/-/web3-validator-1.0.0-rc.1.tgz#e07266b0efbfb5014c6ca015bbad05c009229dcc"
  integrity sha512-a6hgW4ZXkDzy22axDPnD8eW0RwYVWHedw0Un+uLsGcvZxqIh5+EKFPmo57wK6wPq+8/OgdVzxQtzDwX5S43Kmg==
  dependencies:
    ajv "^8.11.0"
    ethereum-cryptography "^1.1.2"
    web3-errors "^1.0.0-rc.1"
    web3-types "^1.0.0-rc.1"

web3@4.0.1-rc.1:
  version "4.0.1-rc.1"
  resolved "https://registry.yarnpkg.com/web3/-/web3-4.0.1-rc.1.tgz#838e6c0d7dfe28a613d2e6772d7e007b82272ae2"
  integrity sha512-86ot77U+Dxwc3kx8WNDYFB020mf8TCy9R0CXlOGPzmMWSEonBrE1VLwJxECDICMPxXhlmxpXYbvmOojBzMzIbw==
  dependencies:
    web3-core "^4.0.1-rc.1"
    web3-errors "^1.0.0-rc.1"
    web3-eth "^4.0.1-rc.1"
    web3-eth-abi "^4.0.1-rc.1"
    web3-eth-accounts "^4.0.1-rc.1"
    web3-eth-contract "^4.0.1-rc.1"
    web3-eth-ens "^4.0.1-rc.1"
    web3-eth-iban "^4.0.1-rc.1"
    web3-eth-personal "^4.0.1-rc.1"
    web3-net "^4.0.1-rc.1"
    web3-providers-http "^4.0.1-rc.1"
    web3-providers-ws "^4.0.1-rc.1"
    web3-rpc-methods "^1.0.0-rc.1"
    web3-types "^1.0.0-rc.1"
    web3-utils "^4.0.1-rc.1"
    web3-validator "^1.0.0-rc.1"

webidl-conversions@^3.0.0:
  version "3.0.1"
  resolved "https://registry.yarnpkg.com/webidl-conversions/-/webidl-conversions-3.0.1.tgz#24534275e2a7bc6be7bc86611cc16ae0a5654871"
  integrity sha512-2JAn3z8AR6rjK8Sm8orRC0h/bcl/DqL7tRPdGZ4I1CjdF+EaMLmYxBHyXuKL849eucPFhvBoxMsflfOb8kxaeQ==

whatwg-url@^5.0.0:
  version "5.0.0"
  resolved "https://registry.yarnpkg.com/whatwg-url/-/whatwg-url-5.0.0.tgz#966454e8765462e37644d3626f6742ce8b70965d"
  integrity sha512-saE57nupxk6v3HY35+jzBwYa0rKSy0XR8JSxZPwgLr7ys0IBzhGviA1/TUGJLmSVqs8pb9AnvICXEuOHLprYTw==
  dependencies:
    tr46 "~0.0.3"
    webidl-conversions "^3.0.0"

ws@^8.8.1:
  version "8.13.0"
  resolved "https://registry.yarnpkg.com/ws/-/ws-8.13.0.tgz#9a9fb92f93cf41512a0735c8f4dd09b8a1211cd0"
  integrity sha512-x9vcZYTrFPC7aSIbj7sRCYo7L/Xb8Iy+pW0ng0wt2vCJv7M9HOMy0UoN3rr+IFC7hb7vXoqS+P9ktyLLLhO+LA==

yn@3.1.1:
  version "3.1.1"
  resolved "https://registry.yarnpkg.com/yn/-/yn-3.1.1.tgz#1e87401a09d767c1d5eab26a6e4c185182d2eb50"
  integrity sha512-Ux4ygGWsu2c7isFWe8Yu1YluJmqVhxqK2cLXNQA5AcC3QfbGNpM7fu0Y8b/z16pXLnFxZYvWhd3fhBY9DLmC6Q==
